{
  "name": "@itegramin/op-agent",
  "version": "0.1.0",
  "lockfileVersion": 3,
  "requires": true,
  "packages": {
    "": {
      "name": "@itegramin/op-agent",
      "version": "0.1.0",
      "license": "UNLICENSED",
      "bin": {
        "op-agent": "bin/op-agent.js"
      },
      "engines": {
        "node": ">=22"
      }
    }
  }
}
